
Microsoft Visual Studio Solution File, Format Version 12.00
# Visual Studio Version 17
VisualStudioVersion = 17.4.33122.133
MinimumVisualStudioVersion = 10.0.40219.1
Project("{9A19103F-16F7-4668-BE54-9A1E7A4F7556}") = "MyLib", "MyLib\MyLib.csproj", "{FEBD6E44-F794-4ABD-BE94-7A15EE4A6DD1}"
EndProject
Project("{9A19103F-16F7-4668-BE54-9A1E7A4F7556}") = "Tests", "Tests\Tests.csproj", "{3D5126BB-31F3-4279-89B7-333673E94A5E}"
EndProject
Global
	GlobalSection(SolutionConfigurationPlatforms) = preSolution
		Debug|Any CPU = Debug|Any CPU
		Release|Any CPU = Release|Any CPU
	EndGlobalSection
	GlobalSection(ProjectConfigurationPlatforms) = postSolution
		{FEBD6E44-F794-4ABD-BE94-7A15EE4A6DD1}.Debug|Any CPU.ActiveCfg = Debug|Any CPU
		{FEBD6E44-F794-4ABD-BE94-7A15EE4A6DD1}.Debug|Any CPU.Build.0 = Debug|Any CPU
		{FEBD6E44-F794-4ABD-BE94-7A15EE4A6DD1}.Release|Any CPU.ActiveCfg = Release|Any CPU
		{FEBD6E44-F794-4ABD-BE94-7A15EE4A6DD1}.Release|Any CPU.Build.0 = Release|Any CPU
		{3D5126BB-31F3-4279-89B7-333673E94A5E}.Debug|Any CPU.ActiveCfg = Debug|Any CPU
		{3D5126BB-31F3-4279-89B7-333673E94A5E}.Debug|Any CPU.Build.0 = Debug|Any CPU
		{3D5126BB-31F3-4279-89B7-333673E94A5E}.Release|Any CPU.ActiveCfg = Release|Any CPU
		{3D5126BB-31F3-4279-89B7-333673E94A5E}.Release|Any CPU.Build.0 = Release|Any CPU
	EndGlobalSection
	GlobalSection(SolutionProperties) = preSolution
		HideSolutionNode = FALSE
	EndGlobalSection
	GlobalSection(ExtensibilityGlobals) = postSolution
		SolutionGuid = {9B1CB0E9-837E-4783-A221-608CFB2F3C04}
	EndGlobalSection
EndGlobal
